# This file is automatically @generated by Cargo.
# It is not intended for manual editing.
version = 4

[[package]]
name = "waluau-ast"
version = "0.1.0"
dependencies = [
 "waluau-span",
]

[[package]]
name = "waluau-cli"
version = "0.1.0"
dependencies = [
 "waluau-driver",
]

[[package]]
name = "waluau-codegen-wasm"
version = "0.1.0"
dependencies = [
 "waluau-diagnostics",
 "waluau-ir",
]

[[package]]
name = "waluau-diagnostics"
version = "0.1.0"

[[package]]
name = "waluau-driver"
version = "0.1.0"
dependencies = [
 "waluau-diagnostics",
 "waluau-hir",
 "waluau-parser",
]

[[package]]
name = "waluau-hir"
version = "0.1.0"
dependencies = [
 "waluau-ast",
 "waluau-diagnostics",
 "waluau-parser",
]

[[package]]
name = "waluau-ir"
version = "0.1.0"
dependencies = [
 "waluau-ast",
 "waluau-diagnostics",
 "waluau-hir",
 "waluau-parser",
]

[[package]]
name = "waluau-lexer"
version = "0.1.0"
dependencies = [
 "waluau-diagnostics",
 "waluau-span",
]

[[package]]
name = "waluau-parser"
version = "0.1.0"
dependencies = [
 "waluau-ast",
 "waluau-diagnostics",
 "waluau-lexer",
]

[[package]]
name = "waluau-span"
version = "0.1.0"
